// !$*UTF8*$!
{
	archiveVersion = 1;
	classes = {
	};
	objectVersion = 46;
	objects = {

/* Begin PBXBuildFile section */
		6318FF05152B8A0600A5A672 /* EventoViewController.m in Sources */ = {isa = PBXBuildFile; fileRef = 6318FF03152B8A0600A5A672 /* EventoViewController.m */; };
		6318FF06152B8A0600A5A672 /* EventoViewController.xib in Resources */ = {isa = PBXBuildFile; fileRef = 6318FF04152B8A0600A5A672 /* EventoViewController.xib */; };
		6318FF0A152B8A1A00A5A672 /* LocalizacaoViewController.m in Sources */ = {isa = PBXBuildFile; fileRef = 6318FF08152B8A1A00A5A672 /* LocalizacaoViewController.m */; };
		6318FF0B152B8A1A00A5A672 /* LocalizacaoViewController.xib in Resources */ = {isa = PBXBuildFile; fileRef = 6318FF09152B8A1A00A5A672 /* LocalizacaoViewController.xib */; };
		6318FF1E152BAC7400A5A672 /* MapKit.framework in Frameworks */ = {isa = PBXBuildFile; fileRef = 6318FF1D152BAC7400A5A672 /* MapKit.framework */; };
		6318FF20152BAC7C00A5A672 /* CoreLocation.framework in Frameworks */ = {isa = PBXBuildFile; fileRef = 6318FF1F152BAC7C00A5A672 /* CoreLocation.framework */; };
		6318FF23152BAFD900A5A672 /* DisplayMap.m in Sources */ = {isa = PBXBuildFile; fileRef = 6318FF22152BAFD900A5A672 /* DisplayMap.m */; };
		63B666C0152A10A700A5ABC3 /* UIKit.framework in Frameworks */ = {isa = PBXBuildFile; fileRef = 63B666BF152A10A700A5ABC3 /* UIKit.framework */; };
		63B666C2152A10A700A5ABC3 /* Foundation.framework in Frameworks */ = {isa = PBXBuildFile; fileRef = 63B666C1152A10A700A5ABC3 /* Foundation.framework */; };
		63B666C4152A10A700A5ABC3 /* CoreGraphics.framework in Frameworks */ = {isa = PBXBuildFile; fileRef = 63B666C3152A10A700A5ABC3 /* CoreGraphics.framework */; };
		63B666CA152A10A700A5ABC3 /* InfoPlist.strings in Resources */ = {isa = PBXBuildFile; fileRef = 63B666C8152A10A700A5ABC3 /* InfoPlist.strings */; };
		63B666CC152A10A700A5ABC3 /* main.m in Sources */ = {isa = PBXBuildFile; fileRef = 63B666CB152A10A700A5ABC3 /* main.m */; };
		63B666D0152A10A700A5ABC3 /* AppDelegate.m in Sources */ = {isa = PBXBuildFile; fileRef = 63B666CF152A10A700A5ABC3 /* AppDelegate.m */; };
		63B666D3152A10A700A5ABC3 /* FirstViewController.m in Sources */ = {isa = PBXBuildFile; fileRef = 63B666D2152A10A700A5ABC3 /* FirstViewController.m */; };
		63B666D5152A10A700A5ABC3 /* first.png in Resources */ = {isa = PBXBuildFile; fileRef = 63B666D4152A10A700A5ABC3 /* first.png */; };
		63B666D7152A10A700A5ABC3 /* first@2x.png in Resources */ = {isa = PBXBuildFile; fileRef = 63B666D6152A10A700A5ABC3 /* first@2x.png */; };
		63B666DA152A10A700A5ABC3 /* SecondViewController.m in Sources */ = {isa = PBXBuildFile; fileRef = 63B666D9152A10A700A5ABC3 /* SecondViewController.m */; };
		63B666DC152A10A700A5ABC3 /* second.png in Resources */ = {isa = PBXBuildFile; fileRef = 63B666DB152A10A700A5ABC3 /* second.png */; };
		63B666DE152A10A700A5ABC3 /* second@2x.png in Resources */ = {isa = PBXBuildFile; fileRef = 63B666DD152A10A700A5ABC3 /* second@2x.png */; };
		63B666E1152A10A700A5ABC3 /* FirstViewController.xib in Resources */ = {isa = PBXBuildFile; fileRef = 63B666DF152A10A700A5ABC3 /* FirstViewController.xib */; };
		63B666E4152A10A700A5ABC3 /* SecondViewController.xib in Resources */ = {isa = PBXBuildFile; fileRef = 63B666E2152A10A700A5ABC3 /* SecondViewController.xib */; };
		63B666ED152A121B00A5ABC3 /* ThirdViewController.m in Sources */ = {isa = PBXBuildFile; fileRef = 63B666EB152A121A00A5ABC3 /* ThirdViewController.m */; };
		63B666EE152A121B00A5ABC3 /* ThirdViewController.xib in Resources */ = {isa = PBXBuildFile; fileRef = 63B666EC152A121A00A5ABC3 /* ThirdViewController.xib */; };
/* End PBXBuildFile section */

/* Begin PBXFileReference section */
		6318FF02152B8A0600A5A672 /* EventoViewController.h */ = {isa = PBXFileReference; fileEncoding = 4; lastKnownFileType = sourcecode.c.h; name = EventoViewController.h; path = ../../../../../Users/fabiomendonca/Xcode/Vogall/BusinessFest/EventoViewController.h; sourceTree = "<group>"; };
		6318FF03152B8A0600A5A672 /* EventoViewController.m */ = {isa = PBXFileReference; fileEncoding = 4; lastKnownFileType = sourcecode.c.objc; name = EventoViewController.m; path = ../../../../../Users/fabiomendonca/Xcode/Vogall/BusinessFest/EventoViewController.m; sourceTree = "<group>"; };
		6318FF04152B8A0600A5A672 /* EventoViewController.xib */ = {isa = PBXFileReference; fileEncoding = 4; lastKnownFileType = file.xib; name = EventoViewController.xib; path = ../../../../../Users/fabiomendonca/Xcode/Vogall/BusinessFest/EventoViewController.xib; sourceTree = "<group>"; };
		6318FF07152B8A1A00A5A672 /* LocalizacaoViewController.h */ = {isa = PBXFileReference; fileEncoding = 4; lastKnownFileType = sourcecode.c.h; name = LocalizacaoViewController.h; path = ../../../../../Users/fabiomendonca/Xcode/Vogall/BusinessFest/LocalizacaoViewController.h; sourceTree = "<group>"; };
		6318FF08152B8A1A00A5A672 /* LocalizacaoViewController.m */ = {isa = PBXFileReference; fileEncoding = 4; lastKnownFileType = sourcecode.c.objc; name = LocalizacaoViewController.m; path = ../../../../../Users/fabiomendonca/Xcode/Vogall/BusinessFest/LocalizacaoViewController.m; sourceTree = "<group>"; };
		6318FF09152B8A1A00A5A672 /* LocalizacaoViewController.xib */ = {isa = PBXFileReference; fileEncoding = 4; lastKnownFileType = file.xib; name = LocalizacaoViewController.xib; path = ../../../../../Users/fabiomendonca/Xcode/Vogall/BusinessFest/LocalizacaoViewController.xib; sourceTree = "<group>"; };
		6318FF1D152BAC7400A5A672 /* MapKit.framework */ = {isa = PBXFileReference; lastKnownFileType = wrapper.framework; name = MapKit.framework; path = System/Library/Frameworks/MapKit.framework; sourceTree = SDKROOT; };
		6318FF1F152BAC7C00A5A672 /* CoreLocation.framework */ = {isa = PBXFileReference; lastKnownFileType = wrapper.framework; name = CoreLocation.framework; path = System/Library/Frameworks/CoreLocation.framework; sourceTree = SDKROOT; };
		6318FF21152BAFD900A5A672 /* DisplayMap.h */ = {isa = PBXFileReference; fileEncoding = 4; lastKnownFileType = sourcecode.c.h; path = DisplayMap.h; sourceTree = "<group>"; };
		6318FF22152BAFD900A5A672 /* DisplayMap.m */ = {isa = PBXFileReference; fileEncoding = 4; lastKnownFileType = sourcecode.c.objc; path = DisplayMap.m; sourceTree = "<group>"; };
		63B666BB152A10A700A5ABC3 /* BusinessFest.app */ = {isa = PBXFileReference; explicitFileType = wrapper.application; includeInIndex = 0; path = BusinessFest.app; sourceTree = BUILT_PRODUCTS_DIR; };
		63B666BF152A10A700A5ABC3 /* UIKit.framework */ = {isa = PBXFileReference; lastKnownFileType = wrapper.framework; name = UIKit.framework; path = System/Library/Frameworks/UIKit.framework; sourceTree = SDKROOT; };
		63B666C1152A10A700A5ABC3 /* Foundation.framework */ = {isa = PBXFileReference; lastKnownFileType = wrapper.framework; name = Foundation.framework; path = System/Library/Frameworks/Foundation.framework; sourceTree = SDKROOT; };
		63B666C3152A10A700A5ABC3 /* CoreGraphics.framework */ = {isa = PBXFileReference; lastKnownFileType = wrapper.framework; name = CoreGraphics.framework; path = System/Library/Frameworks/CoreGraphics.framework; sourceTree = SDKROOT; };
		63B666C7152A10A700A5ABC3 /* BusinessFest-Info.plist */ = {isa = PBXFileReference; lastKnownFileType = text.plist.xml; path = "BusinessFest-Info.plist"; sourceTree = "<group>"; };
		63B666C9152A10A700A5ABC3 /* en */ = {isa = PBXFileReference; lastKnownFileType = text.plist.strings; name = en; path = en.lproj/InfoPlist.strings; sourceTree = "<group>"; };
		63B666CB152A10A700A5ABC3 /* main.m */ = {isa = PBXFileReference; lastKnownFileType = sourcecode.c.objc; path = main.m; sourceTree = "<group>"; };
		63B666CD152A10A700A5ABC3 /* BusinessFest-Prefix.pch */ = {isa = PBXFileReference; lastKnownFileType = sourcecode.c.h; path = "BusinessFest-Prefix.pch"; sourceTree = "<group>"; };
		63B666CE152A10A700A5ABC3 /* AppDelegate.h */ = {isa = PBXFileReference; lastKnownFileType = sourcecode.c.h; path = AppDelegate.h; sourceTree = "<group>"; };
		63B666CF152A10A700A5ABC3 /* AppDelegate.m */ = {isa = PBXFileReference; lastKnownFileType = sourcecode.c.objc; path = AppDelegate.m; sourceTree = "<group>"; };
		63B666D1152A10A700A5ABC3 /* FirstViewController.h */ = {isa = PBXFileReference; lastKnownFileType = sourcecode.c.h; path = FirstViewController.h; sourceTree = "<group>"; };
		63B666D2152A10A700A5ABC3 /* FirstViewController.m */ = {isa = PBXFileReference; lastKnownFileType = sourcecode.c.objc; path = FirstViewController.m; sourceTree = "<group>"; };
		63B666D4152A10A700A5ABC3 /* first.png */ = {isa = PBXFileReference; lastKnownFileType = image.png; path = first.png; sourceTree = "<group>"; };
		63B666D6152A10A700A5ABC3 /* first@2x.png */ = {isa = PBXFileReference; lastKnownFileType = image.png; path = "first@2x.png"; sourceTree = "<group>"; };
		63B666D8152A10A700A5ABC3 /* SecondViewController.h */ = {isa = PBXFileReference; lastKnownFileType = sourcecode.c.h; path = SecondViewController.h; sourceTree = "<group>"; };
		63B666D9152A10A700A5ABC3 /* SecondViewController.m */ = {isa = PBXFileReference; lastKnownFileType = sourcecode.c.objc; path = SecondViewController.m; sourceTree = "<group>"; };
		63B666DB152A10A700A5ABC3 /* second.png */ = {isa = PBXFileReference; lastKnownFileType = image.png; path = second.png; sourceTree = "<group>"; };
		63B666DD152A10A700A5ABC3 /* second@2x.png */ = {isa = PBXFileReference; lastKnownFileType = image.png; path = "second@2x.png"; sourceTree = "<group>"; };
		63B666E0152A10A700A5ABC3 /* en */ = {isa = PBXFileReference; lastKnownFileType = file.xib; name = en; path = en.lproj/FirstViewController.xib; sourceTree = "<group>"; };
		63B666E3152A10A700A5ABC3 /* en */ = {isa = PBXFileReference; lastKnownFileType = file.xib; name = en; path = en.lproj/SecondViewController.xib; sourceTree = "<group>"; };
		63B666EA152A121A00A5ABC3 /* ThirdViewController.h */ = {isa = PBXFileReference; fileEncoding = 4; lastKnownFileType = sourcecode.c.h; path = ThirdViewController.h; sourceTree = "<group>"; };
		63B666EB152A121A00A5ABC3 /* ThirdViewController.m */ = {isa = PBXFileReference; fileEncoding = 4; lastKnownFileType = sourcecode.c.objc; path = ThirdViewController.m; sourceTree = "<group>"; };
		63B666EC152A121A00A5ABC3 /* ThirdViewController.xib */ = {isa = PBXFileReference; fileEncoding = 4; lastKnownFileType = file.xib; path = ThirdViewController.xib; sourceTree = "<group>"; };
/* End PBXFileReference section */

/* Begin PBXFrameworksBuildPhase section */
		63B666B8152A10A600A5ABC3 /* Frameworks */ = {
			isa = PBXFrameworksBuildPhase;
			buildActionMask = 2147483647;
			files = (
				6318FF20152BAC7C00A5A672 /* CoreLocation.framework in Frameworks */,
				6318FF1E152BAC7400A5A672 /* MapKit.framework in Frameworks */,
				63B666C0152A10A700A5ABC3 /* UIKit.framework in Frameworks */,
				63B666C2152A10A700A5ABC3 /* Foundation.framework in Frameworks */,
				63B666C4152A10A700A5ABC3 /* CoreGraphics.framework in Frameworks */,
			);
			runOnlyForDeploymentPostprocessing = 0;
		};
/* End PBXFrameworksBuildPhase section */

/* Begin PBXGroup section */
		63B666B0152A10A600A5ABC3 = {
			isa = PBXGroup;
			children = (
				6318FF1F152BAC7C00A5A672 /* CoreLocation.framework */,
				6318FF1D152BAC7400A5A672 /* MapKit.framework */,
				6318FF02152B8A0600A5A672 /* EventoViewController.h */,
				6318FF03152B8A0600A5A672 /* EventoViewController.m */,
				6318FF04152B8A0600A5A672 /* EventoViewController.xib */,
				6318FF07152B8A1A00A5A672 /* LocalizacaoViewController.h */,
				6318FF08152B8A1A00A5A672 /* LocalizacaoViewController.m */,
				6318FF09152B8A1A00A5A672 /* LocalizacaoViewController.xib */,
				6318FF21152BAFD900A5A672 /* DisplayMap.h */,
				6318FF22152BAFD900A5A672 /* DisplayMap.m */,
				63B666C5152A10A700A5ABC3 /* BusinessFest */,
				63B666BE152A10A700A5ABC3 /* Frameworks */,
				63B666BC152A10A700A5ABC3 /* Products */,
			);
			sourceTree = "<group>";
		};
		63B666BC152A10A700A5ABC3 /* Products */ = {
			isa = PBXGroup;
			children = (
				63B666BB152A10A700A5ABC3 /* BusinessFest.app */,
			);
			name = Products;
			sourceTree = "<group>";
		};
		63B666BE152A10A700A5ABC3 /* Frameworks */ = {
			isa = PBXGroup;
			children = (
				63B666BF152A10A700A5ABC3 /* UIKit.framework */,
				63B666C1152A10A700A5ABC3 /* Foundation.framework */,
				63B666C3152A10A700A5ABC3 /* CoreGraphics.framework */,
			);
			name = Frameworks;
			sourceTree = "<group>";
		};
		63B666C5152A10A700A5ABC3 /* BusinessFest */ = {
			isa = PBXGroup;
			children = (
				63B666CE152A10A700A5ABC3 /* AppDelegate.h */,
				63B666CF152A10A700A5ABC3 /* AppDelegate.m */,
				63B666D1152A10A700A5ABC3 /* FirstViewController.h */,
				63B666D2152A10A700A5ABC3 /* FirstViewController.m */,
				63B666D8152A10A700A5ABC3 /* SecondViewController.h */,
				63B666D9152A10A700A5ABC3 /* SecondViewController.m */,
				63B666EA152A121A00A5ABC3 /* ThirdViewController.h */,
				63B666EB152A121A00A5ABC3 /* ThirdViewController.m */,
				63B666DF152A10A700A5ABC3 /* FirstViewController.xib */,
				63B666E2152A10A700A5ABC3 /* SecondViewController.xib */,
				63B666EC152A121A00A5ABC3 /* ThirdViewController.xib */,
				63B666C6152A10A700A5ABC3 /* Supporting Files */,
			);
			path = BusinessFest;
			sourceTree = "<group>";
		};
		63B666C6152A10A700A5ABC3 /* Supporting Files */ = {
			isa = PBXGroup;
			children = (
				63B666EF152A123C00A5ABC3 /* Resources */,
				63B666C7152A10A700A5ABC3 /* BusinessFest-Info.plist */,
				63B666C8152A10A700A5ABC3 /* InfoPlist.strings */,
				63B666CB152A10A700A5ABC3 /* main.m */,
				63B666CD152A10A700A5ABC3 /* BusinessFest-Prefix.pch */,
			);
			name = "Supporting Files";
			sourceTree = "<group>";
		};
		63B666EF152A123C00A5ABC3 /* Resources */ = {
			isa = PBXGroup;
			children = (
				63B666D4152A10A700A5ABC3 /* first.png */,
				63B666D6152A10A700A5ABC3 /* first@2x.png */,
				63B666DB152A10A700A5ABC3 /* second.png */,
				63B666DD152A10A700A5ABC3 /* second@2x.png */,
			);
			name = Resources;
			sourceTree = "<group>";
		};
/* End PBXGroup section */

/* Begin PBXNativeTarget section */
		63B666BA152A10A600A5ABC3 /* BusinessFest */ = {
			isa = PBXNativeTarget;
			buildConfigurationList = 63B666E7152A10A700A5ABC3 /* Build configuration list for PBXNativeTarget "BusinessFest" */;
			buildPhases = (
				63B666B7152A10A600A5ABC3 /* Sources */,
				63B666B8152A10A600A5ABC3 /* Frameworks */,
				63B666B9152A10A600A5ABC3 /* Resources */,
			);
			buildRules = (
			);
			dependencies = (
			);
			name = BusinessFest;
			productName = BusinessFest;
			productReference = 63B666BB152A10A700A5ABC3 /* BusinessFest.app */;
			productType = "com.apple.product-type.application";
		};
/* End PBXNativeTarget section */

/* Begin PBXProject section */
		63B666B2152A10A600A5ABC3 /* Project object */ = {
			isa = PBXProject;
			attributes = {
				LastUpgradeCheck = 0420;
				ORGANIZATIONNAME = PUC;
			};
			buildConfigurationList = 63B666B5152A10A600A5ABC3 /* Build configuration list for PBXProject "BusinessFest" */;
			compatibilityVersion = "Xcode 3.2";
			developmentRegion = English;
			hasScannedForEncodings = 0;
			knownRegions = (
				en,
			);
			mainGroup = 63B666B0152A10A600A5ABC3;
			productRefGroup = 63B666BC152A10A700A5ABC3 /* Products */;
			projectDirPath = "";
			projectRoot = "";
			targets = (
				63B666BA152A10A600A5ABC3 /* BusinessFest */,
			);
		};
/* End PBXProject section */

/* Begin PBXResourcesBuildPhase section */
		63B666B9152A10A600A5ABC3 /* Resources */ = {
			isa = PBXResourcesBuildPhase;
			buildActionMask = 2147483647;
			files = (
				63B666CA152A10A700A5ABC3 /* InfoPlist.strings in Resources */,
				63B666D5152A10A700A5ABC3 /* first.png in Resources */,
				63B666D7152A10A700A5ABC3 /* first@2x.png in Resources */,
				63B666DC152A10A700A5ABC3 /* second.png in Resources */,
				63B666DE152A10A700A5ABC3 /* second@2x.png in Resources */,
				63B666E1152A10A700A5ABC3 /* FirstViewController.xib in Resources */,
				63B666E4152A10A700A5ABC3 /* SecondViewController.xib in Resources */,
				63B666EE152A121B00A5ABC3 /* ThirdViewController.xib in Resources */,
				6318FF06152B8A0600A5A672 /* EventoViewController.xib in Resources */,
				6318FF0B152B8A1A00A5A672 /* LocalizacaoViewController.xib in Resources */,
			);
			runOnlyForDeploymentPostprocessing = 0;
		};
/* End PBXResourcesBuildPhase section */

/* Begin PBXSourcesBuildPhase section */
		63B666B7152A10A600A5ABC3 /* Sources */ = {
			isa = PBXSourcesBuildPhase;
			buildActionMask = 2147483647;
			files = (
				63B666CC152A10A700A5ABC3 /* main.m in Sources */,
				63B666D0152A10A700A5ABC3 /* AppDelegate.m in Sources */,
				63B666D3152A10A700A5ABC3 /* FirstViewController.m in Sources */,
				63B666DA152A10A700A5ABC3 /* SecondViewController.m in Sources */,
				63B666ED152A121B00A5ABC3 /* ThirdViewController.m in Sources */,
				6318FF05152B8A0600A5A672 /* EventoViewController.m in Sources */,
				6318FF0A152B8A1A00A5A672 /* LocalizacaoViewController.m in Sources */,
				6318FF23152BAFD900A5A672 /* DisplayMap.m in Sources */,
			);
			runOnlyForDeploymentPostprocessing = 0;
		};
/* End PBXSourcesBuildPhase section */

/* Begin PBXVariantGroup section */
		63B666C8152A10A700A5ABC3 /* InfoPlist.strings */ = {
			isa = PBXVariantGroup;
			children = (
				63B666C9152A10A700A5ABC3 /* en */,
			);
			name = InfoPlist.strings;
			sourceTree = "<group>";
		};
		63B666DF152A10A700A5ABC3 /* FirstViewController.xib */ = {
			isa = PBXVariantGroup;
			children = (
				63B666E0152A10A700A5ABC3 /* en */,
			);
			name = FirstViewController.xib;
			sourceTree = "<group>";
		};
		63B666E2152A10A700A5ABC3 /* SecondViewController.xib */ = {
			isa = PBXVariantGroup;
			children = (
				63B666E3152A10A700A5ABC3 /* en */,
			);
			name = SecondViewController.xib;
			sourceTree = "<group>";
		};
/* End PBXVariantGroup section */

/* Begin XCBuildConfiguration section */
		63B666E5152A10A700A5ABC3 /* Debug */ = {
			isa = XCBuildConfiguration;
			buildSettings = {
				ALWAYS_SEARCH_USER_PATHS = NO;
				ARCHS = "$(ARCHS_STANDARD_32_BIT)";
				"CODE_SIGN_IDENTITY[sdk=iphoneos*]" = "iPhone Developer";
				COPY_PHASE_STRIP = NO;
				GCC_C_LANGUAGE_STANDARD = gnu99;
				GCC_DYNAMIC_NO_PIC = NO;
				GCC_OPTIMIZATION_LEVEL = 0;
				GCC_PREPROCESSOR_DEFINITIONS = (
					"DEBUG=1",
					"$(inherited)",
				);
				GCC_SYMBOLS_PRIVATE_EXTERN = NO;
				GCC_VERSION = com.apple.compilers.llvm.clang.1_0;
				GCC_WARN_ABOUT_MISSING_PROTOTYPES = YES;
				GCC_WARN_ABOUT_RETURN_TYPE = YES;
				GCC_WARN_UNUSED_VARIABLE = YES;
				IPHONEOS_DEPLOYMENT_TARGET = 5.0;
				SDKROOT = iphoneos;
			};
			name = Debug;
		};
		63B666E6152A10A700A5ABC3 /* Release */ = {
			isa = XCBuildConfiguration;
			buildSettings = {
				ALWAYS_SEARCH_USER_PATHS = NO;
				ARCHS = "$(ARCHS_STANDARD_32_BIT)";
				"CODE_SIGN_IDENTITY[sdk=iphoneos*]" = "iPhone Developer";
				COPY_PHASE_STRIP = YES;
				GCC_C_LANGUAGE_STANDARD = gnu99;
				GCC_VERSION = com.apple.compilers.llvm.clang.1_0;
				GCC_WARN_ABOUT_MISSING_PROTOTYPES = YES;
				GCC_WARN_ABOUT_RETURN_TYPE = YES;
				GCC_WARN_UNUSED_VARIABLE = YES;
				IPHONEOS_DEPLOYMENT_TARGET = 5.0;
				OTHER_CFLAGS = "-DNS_BLOCK_ASSERTIONS=1";
				SDKROOT = iphoneos;
				VALIDATE_PRODUCT = YES;
			};
			name = Release;
		};
		63B666E8152A10A700A5ABC3 /* Debug */ = {
			isa = XCBuildConfiguration;
			buildSettings = {
				GCC_PRECOMPILE_PREFIX_HEADER = YES;
				GCC_PREFIX_HEADER = "BusinessFest/BusinessFest-Prefix.pch";
				INFOPLIST_FILE = "BusinessFest/BusinessFest-Info.plist";
				PRODUCT_NAME = "$(TARGET_NAME)";
				WRAPPER_EXTENSION = app;
			};
			name = Debug;
		};
		63B666E9152A10A700A5ABC3 /* Release */ = {
			isa = XCBuildConfiguration;
			buildSettings = {
				GCC_PRECOMPILE_PREFIX_HEADER = YES;
				GCC_PREFIX_HEADER = "BusinessFest/BusinessFest-Prefix.pch";
				INFOPLIST_FILE = "BusinessFest/BusinessFest-Info.plist";
				PRODUCT_NAME = "$(TARGET_NAME)";
				WRAPPER_EXTENSION = app;
			};
			name = Release;
		};
/* End XCBuildConfiguration section */

/* Begin XCConfigurationList section */
		63B666B5152A10A600A5ABC3 /* Build configuration list for PBXProject "BusinessFest" */ = {
			isa = XCConfigurationList;
			buildConfigurations = (
				63B666E5152A10A700A5ABC3 /* Debug */,
				63B666E6152A10A700A5ABC3 /* Release */,
			);
			defaultConfigurationIsVisible = 0;
			defaultConfigurationName = Release;
		};
		63B666E7152A10A700A5ABC3 /* Build configuration list for PBXNativeTarget "BusinessFest" */ = {
			isa = XCConfigurationList;
			buildConfigurations = (
				63B666E8152A10A700A5ABC3 /* Debug */,
				63B666E9152A10A700A5ABC3 /* Release */,
			);
			defaultConfigurationIsVisible = 0;
			defaultConfigurationName = Release;
		};
/* End XCConfigurationList section */
	};
	rootObject = 63B666B2152A10A600A5ABC3 /* Project object */;
}
