// !$*UTF8*$!
{
	archiveVersion = 1;
	classes = {
	};
	objectVersion = 46;
	objects = {

/* Begin PBXBuildFile section */
		6318FF1E152BAC7400A5A672 /* MapKit.framework in Frameworks */ = {isa = PBXBuildFile; fileRef = 6318FF1D152BAC7400A5A672 /* MapKit.framework */; };
		6318FF20152BAC7C00A5A672 /* CoreLocation.framework in Frameworks */ = {isa = PBXBuildFile; fileRef = 6318FF1F152BAC7C00A5A672 /* CoreLocation.framework */; };
		6318FF23152BAFD900A5A672 /* DisplayMap.m in Sources */ = {isa = PBXBuildFile; fileRef = 6318FF22152BAFD900A5A672 /* DisplayMap.m */; };
		63B666C0152A10A700A5ABC3 /* UIKit.framework in Frameworks */ = {isa = PBXBuildFile; fileRef = 63B666BF152A10A700A5ABC3 /* UIKit.framework */; };
		63B666C2152A10A700A5ABC3 /* Foundation.framework in Frameworks */ = {isa = PBXBuildFile; fileRef = 63B666C1152A10A700A5ABC3 /* Foundation.framework */; };
		63B666C4152A10A700A5ABC3 /* CoreGraphics.framework in Frameworks */ = {isa = PBXBuildFile; fileRef = 63B666C3152A10A700A5ABC3 /* CoreGraphics.framework */; };
		63B666CA152A10A700A5ABC3 /* InfoPlist.strings in Resources */ = {isa = PBXBuildFile; fileRef = 63B666C8152A10A700A5ABC3 /* InfoPlist.strings */; };
		63B666CC152A10A700A5ABC3 /* main.m in Sources */ = {isa = PBXBuildFile; fileRef = 63B666CB152A10A700A5ABC3 /* main.m */; };
		63B666D0152A10A700A5ABC3 /* AppDelegate.m in Sources */ = {isa = PBXBuildFile; fileRef = 63B666CF152A10A700A5ABC3 /* AppDelegate.m */; };
		63B666D3152A10A700A5ABC3 /* MainViewController.m in Sources */ = {isa = PBXBuildFile; fileRef = 63B666D2152A10A700A5ABC3 /* MainViewController.m */; };
		63B666E1152A10A700A5ABC3 /* MainViewController.xib in Resources */ = {isa = PBXBuildFile; fileRef = 63B666DF152A10A700A5ABC3 /* MainViewController.xib */; };
		B878E5EE15783C940028F7BE /* BusinessFest_logomarca_57.png in Resources */ = {isa = PBXBuildFile; fileRef = B878E5ED15783C940028F7BE /* BusinessFest_logomarca_57.png */; };
		B878E5F015783C970028F7BE /* BusinessFest_logomarca_114.png in Resources */ = {isa = PBXBuildFile; fileRef = B878E5EF15783C970028F7BE /* BusinessFest_logomarca_114.png */; };
		B878E5F215783E6D0028F7BE /* BusinessFest_logomarca_topo.png in Resources */ = {isa = PBXBuildFile; fileRef = B878E5F115783E6D0028F7BE /* BusinessFest_logomarca_topo.png */; };
		B878E5F415783F200028F7BE /* BusinessFest_logomarca_topo@2x.png in Resources */ = {isa = PBXBuildFile; fileRef = B878E5F315783F200028F7BE /* BusinessFest_logomarca_topo@2x.png */; };
		B878E5F7157843A50028F7BE /* ProgramacaoCell.m in Sources */ = {isa = PBXBuildFile; fileRef = B878E5F6157843A50028F7BE /* ProgramacaoCell.m */; };
		B878E5F9157843B40028F7BE /* ProgramacaoCell.xib in Resources */ = {isa = PBXBuildFile; fileRef = B878E5F8157843B40028F7BE /* ProgramacaoCell.xib */; };
		B878E601157846380028F7BE /* ProgramacaoDetailViewController.m in Sources */ = {isa = PBXBuildFile; fileRef = B878E5FF157846380028F7BE /* ProgramacaoDetailViewController.m */; };
		B878E602157846380028F7BE /* ProgramacaoDetailViewController.xib in Resources */ = {isa = PBXBuildFile; fileRef = B878E600157846380028F7BE /* ProgramacaoDetailViewController.xib */; };
		B878E6061578558C0028F7BE /* CerimonialViewController.m in Sources */ = {isa = PBXBuildFile; fileRef = B878E6041578558C0028F7BE /* CerimonialViewController.m */; };
		B878E6071578558C0028F7BE /* CerimonialViewController.xib in Resources */ = {isa = PBXBuildFile; fileRef = B878E6051578558C0028F7BE /* CerimonialViewController.xib */; };
		B878E60B157855BE0028F7BE /* ShowViewController.m in Sources */ = {isa = PBXBuildFile; fileRef = B878E609157855BE0028F7BE /* ShowViewController.m */; };
		B878E60C157855BE0028F7BE /* ShowViewController.xib in Resources */ = {isa = PBXBuildFile; fileRef = B878E60A157855BE0028F7BE /* ShowViewController.xib */; };
		B878E60E1578572D0028F7BE /* toque_de_arte_logo.png in Resources */ = {isa = PBXBuildFile; fileRef = B878E60D1578572D0028F7BE /* toque_de_arte_logo.png */; };
		B878E6101578576B0028F7BE /* toque_de_arte_logo@2x.png in Resources */ = {isa = PBXBuildFile; fileRef = B878E60F1578576A0028F7BE /* toque_de_arte_logo@2x.png */; };
		B878E61C15785A460028F7BE /* video1.png in Resources */ = {isa = PBXBuildFile; fileRef = B878E61815785A450028F7BE /* video1.png */; };
		B878E61D15785A460028F7BE /* video2.png in Resources */ = {isa = PBXBuildFile; fileRef = B878E61915785A450028F7BE /* video2.png */; };
		B878E61E15785A460028F7BE /* video1@2x.png in Resources */ = {isa = PBXBuildFile; fileRef = B878E61A15785A450028F7BE /* video1@2x.png */; };
		B878E61F15785A460028F7BE /* video2@2x.png in Resources */ = {isa = PBXBuildFile; fileRef = B878E61B15785A450028F7BE /* video2@2x.png */; };
		B878E62215785B3D0028F7BE /* CerimonialViewCell.m in Sources */ = {isa = PBXBuildFile; fileRef = B878E62115785B3D0028F7BE /* CerimonialViewCell.m */; };
		B878E62415785B470028F7BE /* CerimonialViewCell.xib in Resources */ = {isa = PBXBuildFile; fileRef = B878E62315785B470028F7BE /* CerimonialViewCell.xib */; };
		B878E626157866130028F7BE /* Cerimonial.xib in Resources */ = {isa = PBXBuildFile; fileRef = B878E625157866130028F7BE /* Cerimonial.xib */; };
		B878E63015786CBC0028F7BE /* MessageUI.framework in Frameworks */ = {isa = PBXBuildFile; fileRef = B878E62F15786CBC0028F7BE /* MessageUI.framework */; };
		B878E63215786D600028F7BE /* contatos_mail.png in Resources */ = {isa = PBXBuildFile; fileRef = B878E63115786D600028F7BE /* contatos_mail.png */; };
		B878E63415786D8B0028F7BE /* contatos_mail@2x.png in Resources */ = {isa = PBXBuildFile; fileRef = B878E63315786D8B0028F7BE /* contatos_mail@2x.png */; };
		B878E63715786FA60028F7BE /* site.png in Resources */ = {isa = PBXBuildFile; fileRef = B878E63515786FA50028F7BE /* site.png */; };
		B878E63815786FA60028F7BE /* site@2x.png in Resources */ = {isa = PBXBuildFile; fileRef = B878E63615786FA50028F7BE /* site@2x.png */; };
		B878E63B157876DC0028F7BE /* empresas.png in Resources */ = {isa = PBXBuildFile; fileRef = B878E639157876DC0028F7BE /* empresas.png */; };
		B878E63C157876DC0028F7BE /* entidades.png in Resources */ = {isa = PBXBuildFile; fileRef = B878E63A157876DC0028F7BE /* entidades.png */; };
		B878E63E1578776E0028F7BE /* Entidades.xib in Resources */ = {isa = PBXBuildFile; fileRef = B878E63D1578776E0028F7BE /* Entidades.xib */; };
		B878E640157877740028F7BE /* Empresas.xib in Resources */ = {isa = PBXBuildFile; fileRef = B878E63F157877740028F7BE /* Empresas.xib */; };
		B878E64215787A130028F7BE /* businessfest_iphone_intro.m4v in Resources */ = {isa = PBXBuildFile; fileRef = B878E64115787A130028F7BE /* businessfest_iphone_intro.m4v */; };
		B878E64A15787A460028F7BE /* InfoViewController.m in Sources */ = {isa = PBXBuildFile; fileRef = B878E64815787A430028F7BE /* InfoViewController.m */; };
		B878E64B15787A460028F7BE /* InfoViewController.xib in Resources */ = {isa = PBXBuildFile; fileRef = B878E64915787A450028F7BE /* InfoViewController.xib */; };
		B878E64E15787D6F0028F7BE /* vogall.png in Resources */ = {isa = PBXBuildFile; fileRef = B878E64C15787D6F0028F7BE /* vogall.png */; };
		B878E64F15787D6F0028F7BE /* vogall@2x.png in Resources */ = {isa = PBXBuildFile; fileRef = B878E64D15787D6F0028F7BE /* vogall@2x.png */; };
		B878E655157880220028F7BE /* MediaPlayer.framework in Frameworks */ = {isa = PBXBuildFile; fileRef = B878E654157880220028F7BE /* MediaPlayer.framework */; };
		B878E6571578802C0028F7BE /* CoreMedia.framework in Frameworks */ = {isa = PBXBuildFile; fileRef = B878E6561578802C0028F7BE /* CoreMedia.framework */; };
		B878E659157880370028F7BE /* AVFoundation.framework in Frameworks */ = {isa = PBXBuildFile; fileRef = B878E658157880370028F7BE /* AVFoundation.framework */; };
		E15FBE1E1577BE2F002A841F /* ProgramacaoViewController.m in Sources */ = {isa = PBXBuildFile; fileRef = E15FBE1C1577BE2F002A841F /* ProgramacaoViewController.m */; };
		E15FBE1F1577BE2F002A841F /* ProgramacaoViewController.xib in Resources */ = {isa = PBXBuildFile; fileRef = E15FBE1D1577BE2F002A841F /* ProgramacaoViewController.xib */; };
		E15FBE291577BE95002A841F /* EntidadesEmpresasViewController.m in Sources */ = {isa = PBXBuildFile; fileRef = E15FBE271577BE95002A841F /* EntidadesEmpresasViewController.m */; };
		E15FBE2A1577BE95002A841F /* EntidadesEmpresasViewController.xib in Resources */ = {isa = PBXBuildFile; fileRef = E15FBE281577BE95002A841F /* EntidadesEmpresasViewController.xib */; };
		E15FBE2F1577BEC2002A841F /* ContatoViewController.m in Sources */ = {isa = PBXBuildFile; fileRef = E15FBE2D1577BEC2002A841F /* ContatoViewController.m */; };
		E15FBE301577BEC2002A841F /* ContatoViewController.xib in Resources */ = {isa = PBXBuildFile; fileRef = E15FBE2E1577BEC2002A841F /* ContatoViewController.xib */; };
		E15FBE331577CA0E002A841F /* business_fest_banner.png in Resources */ = {isa = PBXBuildFile; fileRef = E15FBE321577CA0E002A841F /* business_fest_banner.png */; };
		E1B41A8E152CB9B8005EFB36 /* EventoViewController.m in Sources */ = {isa = PBXBuildFile; fileRef = E1B41A89152CB9B8005EFB36 /* EventoViewController.m */; };
		E1B41A8F152CB9B8005EFB36 /* EventoViewController.xib in Resources */ = {isa = PBXBuildFile; fileRef = E1B41A8A152CB9B8005EFB36 /* EventoViewController.xib */; };
		E1B41A90152CB9B8005EFB36 /* LocalizacaoViewController.m in Sources */ = {isa = PBXBuildFile; fileRef = E1B41A8C152CB9B8005EFB36 /* LocalizacaoViewController.m */; };
		E1B41A91152CB9B8005EFB36 /* LocalizacaoViewController.xib in Resources */ = {isa = PBXBuildFile; fileRef = E1B41A8D152CB9B8005EFB36 /* LocalizacaoViewController.xib */; };
/* End PBXBuildFile section */

/* Begin PBXFileReference section */
		6318FF1D152BAC7400A5A672 /* MapKit.framework */ = {isa = PBXFileReference; lastKnownFileType = wrapper.framework; name = MapKit.framework; path = System/Library/Frameworks/MapKit.framework; sourceTree = SDKROOT; };
		6318FF1F152BAC7C00A5A672 /* CoreLocation.framework */ = {isa = PBXFileReference; lastKnownFileType = wrapper.framework; name = CoreLocation.framework; path = System/Library/Frameworks/CoreLocation.framework; sourceTree = SDKROOT; };
		6318FF21152BAFD900A5A672 /* DisplayMap.h */ = {isa = PBXFileReference; fileEncoding = 4; lastKnownFileType = sourcecode.c.h; name = DisplayMap.h; path = ../DisplayMap.h; sourceTree = "<group>"; };
		6318FF22152BAFD900A5A672 /* DisplayMap.m */ = {isa = PBXFileReference; fileEncoding = 4; lastKnownFileType = sourcecode.c.objc; name = DisplayMap.m; path = ../DisplayMap.m; sourceTree = "<group>"; };
		63B666BB152A10A700A5ABC3 /* BusinessFest.app */ = {isa = PBXFileReference; explicitFileType = wrapper.application; includeInIndex = 0; path = BusinessFest.app; sourceTree = BUILT_PRODUCTS_DIR; };
		63B666BF152A10A700A5ABC3 /* UIKit.framework */ = {isa = PBXFileReference; lastKnownFileType = wrapper.framework; name = UIKit.framework; path = System/Library/Frameworks/UIKit.framework; sourceTree = SDKROOT; };
		63B666C1152A10A700A5ABC3 /* Foundation.framework */ = {isa = PBXFileReference; lastKnownFileType = wrapper.framework; name = Foundation.framework; path = System/Library/Frameworks/Foundation.framework; sourceTree = SDKROOT; };
		63B666C3152A10A700A5ABC3 /* CoreGraphics.framework */ = {isa = PBXFileReference; lastKnownFileType = wrapper.framework; name = CoreGraphics.framework; path = System/Library/Frameworks/CoreGraphics.framework; sourceTree = SDKROOT; };
		63B666C7152A10A700A5ABC3 /* BusinessFest-Info.plist */ = {isa = PBXFileReference; lastKnownFileType = text.plist.xml; path = "BusinessFest-Info.plist"; sourceTree = "<group>"; };
		63B666C9152A10A700A5ABC3 /* en */ = {isa = PBXFileReference; lastKnownFileType = text.plist.strings; name = en; path = en.lproj/InfoPlist.strings; sourceTree = "<group>"; };
		63B666CB152A10A700A5ABC3 /* main.m */ = {isa = PBXFileReference; lastKnownFileType = sourcecode.c.objc; path = main.m; sourceTree = "<group>"; };
		63B666CD152A10A700A5ABC3 /* BusinessFest-Prefix.pch */ = {isa = PBXFileReference; lastKnownFileType = sourcecode.c.h; path = "BusinessFest-Prefix.pch"; sourceTree = "<group>"; };
		63B666CE152A10A700A5ABC3 /* AppDelegate.h */ = {isa = PBXFileReference; lastKnownFileType = sourcecode.c.h; path = AppDelegate.h; sourceTree = "<group>"; };
		63B666CF152A10A700A5ABC3 /* AppDelegate.m */ = {isa = PBXFileReference; lastKnownFileType = sourcecode.c.objc; path = AppDelegate.m; sourceTree = "<group>"; };
		63B666D1152A10A700A5ABC3 /* MainViewController.h */ = {isa = PBXFileReference; lastKnownFileType = sourcecode.c.h; path = MainViewController.h; sourceTree = "<group>"; };
		63B666D2152A10A700A5ABC3 /* MainViewController.m */ = {isa = PBXFileReference; lastKnownFileType = sourcecode.c.objc; path = MainViewController.m; sourceTree = "<group>"; };
		63B666E0152A10A700A5ABC3 /* en */ = {isa = PBXFileReference; lastKnownFileType = file.xib; name = en; path = en.lproj/MainViewController.xib; sourceTree = "<group>"; };
		B878E5ED15783C940028F7BE /* BusinessFest_logomarca_57.png */ = {isa = PBXFileReference; lastKnownFileType = image.png; path = BusinessFest_logomarca_57.png; sourceTree = "<group>"; };
		B878E5EF15783C970028F7BE /* BusinessFest_logomarca_114.png */ = {isa = PBXFileReference; lastKnownFileType = image.png; path = BusinessFest_logomarca_114.png; sourceTree = "<group>"; };
		B878E5F115783E6D0028F7BE /* BusinessFest_logomarca_topo.png */ = {isa = PBXFileReference; lastKnownFileType = image.png; path = BusinessFest_logomarca_topo.png; sourceTree = "<group>"; };
		B878E5F315783F200028F7BE /* BusinessFest_logomarca_topo@2x.png */ = {isa = PBXFileReference; lastKnownFileType = image.png; path = "BusinessFest_logomarca_topo@2x.png"; sourceTree = "<group>"; };
		B878E5F5157843A50028F7BE /* ProgramacaoCell.h */ = {isa = PBXFileReference; fileEncoding = 4; lastKnownFileType = sourcecode.c.h; path = ProgramacaoCell.h; sourceTree = "<group>"; };
		B878E5F6157843A50028F7BE /* ProgramacaoCell.m */ = {isa = PBXFileReference; fileEncoding = 4; lastKnownFileType = sourcecode.c.objc; path = ProgramacaoCell.m; sourceTree = "<group>"; };
		B878E5F8157843B40028F7BE /* ProgramacaoCell.xib */ = {isa = PBXFileReference; fileEncoding = 4; lastKnownFileType = file.xib; path = ProgramacaoCell.xib; sourceTree = "<group>"; };
		B878E5FE157846380028F7BE /* ProgramacaoDetailViewController.h */ = {isa = PBXFileReference; fileEncoding = 4; lastKnownFileType = sourcecode.c.h; path = ProgramacaoDetailViewController.h; sourceTree = "<group>"; };
		B878E5FF157846380028F7BE /* ProgramacaoDetailViewController.m */ = {isa = PBXFileReference; fileEncoding = 4; lastKnownFileType = sourcecode.c.objc; path = ProgramacaoDetailViewController.m; sourceTree = "<group>"; };
		B878E600157846380028F7BE /* ProgramacaoDetailViewController.xib */ = {isa = PBXFileReference; fileEncoding = 4; lastKnownFileType = file.xib; path = ProgramacaoDetailViewController.xib; sourceTree = "<group>"; };
		B878E6031578558B0028F7BE /* CerimonialViewController.h */ = {isa = PBXFileReference; fileEncoding = 4; lastKnownFileType = sourcecode.c.h; path = CerimonialViewController.h; sourceTree = "<group>"; };
		B878E6041578558C0028F7BE /* CerimonialViewController.m */ = {isa = PBXFileReference; fileEncoding = 4; lastKnownFileType = sourcecode.c.objc; path = CerimonialViewController.m; sourceTree = "<group>"; };
		B878E6051578558C0028F7BE /* CerimonialViewController.xib */ = {isa = PBXFileReference; fileEncoding = 4; lastKnownFileType = file.xib; path = CerimonialViewController.xib; sourceTree = "<group>"; };
		B878E608157855BE0028F7BE /* ShowViewController.h */ = {isa = PBXFileReference; fileEncoding = 4; lastKnownFileType = sourcecode.c.h; path = ShowViewController.h; sourceTree = "<group>"; };
		B878E609157855BE0028F7BE /* ShowViewController.m */ = {isa = PBXFileReference; fileEncoding = 4; lastKnownFileType = sourcecode.c.objc; path = ShowViewController.m; sourceTree = "<group>"; };
		B878E60A157855BE0028F7BE /* ShowViewController.xib */ = {isa = PBXFileReference; fileEncoding = 4; lastKnownFileType = file.xib; path = ShowViewController.xib; sourceTree = "<group>"; };
		B878E60D1578572D0028F7BE /* toque_de_arte_logo.png */ = {isa = PBXFileReference; lastKnownFileType = image.png; path = toque_de_arte_logo.png; sourceTree = "<group>"; };
		B878E60F1578576A0028F7BE /* toque_de_arte_logo@2x.png */ = {isa = PBXFileReference; lastKnownFileType = image.png; path = "toque_de_arte_logo@2x.png"; sourceTree = "<group>"; };
		B878E61815785A450028F7BE /* video1.png */ = {isa = PBXFileReference; lastKnownFileType = image.png; path = video1.png; sourceTree = "<group>"; };
		B878E61915785A450028F7BE /* video2.png */ = {isa = PBXFileReference; lastKnownFileType = image.png; path = video2.png; sourceTree = "<group>"; };
		B878E61A15785A450028F7BE /* video1@2x.png */ = {isa = PBXFileReference; lastKnownFileType = image.png; path = "video1@2x.png"; sourceTree = "<group>"; };
		B878E61B15785A450028F7BE /* video2@2x.png */ = {isa = PBXFileReference; lastKnownFileType = image.png; path = "video2@2x.png"; sourceTree = "<group>"; };
		B878E62015785B3C0028F7BE /* CerimonialViewCell.h */ = {isa = PBXFileReference; fileEncoding = 4; lastKnownFileType = sourcecode.c.h; path = CerimonialViewCell.h; sourceTree = "<group>"; };
		B878E62115785B3D0028F7BE /* CerimonialViewCell.m */ = {isa = PBXFileReference; fileEncoding = 4; lastKnownFileType = sourcecode.c.objc; path = CerimonialViewCell.m; sourceTree = "<group>"; };
		B878E62315785B470028F7BE /* CerimonialViewCell.xib */ = {isa = PBXFileReference; fileEncoding = 4; lastKnownFileType = file.xib; path = CerimonialViewCell.xib; sourceTree = "<group>"; };
		B878E625157866130028F7BE /* Cerimonial.xib */ = {isa = PBXFileReference; fileEncoding = 4; lastKnownFileType = file.xib; path = Cerimonial.xib; sourceTree = "<group>"; };
		B878E62F15786CBC0028F7BE /* MessageUI.framework */ = {isa = PBXFileReference; lastKnownFileType = wrapper.framework; name = MessageUI.framework; path = System/Library/Frameworks/MessageUI.framework; sourceTree = SDKROOT; };
		B878E63115786D600028F7BE /* contatos_mail.png */ = {isa = PBXFileReference; lastKnownFileType = image.png; path = contatos_mail.png; sourceTree = "<group>"; };
		B878E63315786D8B0028F7BE /* contatos_mail@2x.png */ = {isa = PBXFileReference; lastKnownFileType = image.png; path = "contatos_mail@2x.png"; sourceTree = "<group>"; };
		B878E63515786FA50028F7BE /* site.png */ = {isa = PBXFileReference; lastKnownFileType = image.png; path = site.png; sourceTree = "<group>"; };
		B878E63615786FA50028F7BE /* site@2x.png */ = {isa = PBXFileReference; lastKnownFileType = image.png; path = "site@2x.png"; sourceTree = "<group>"; };
		B878E639157876DC0028F7BE /* empresas.png */ = {isa = PBXFileReference; lastKnownFileType = image.png; path = empresas.png; sourceTree = "<group>"; };
		B878E63A157876DC0028F7BE /* entidades.png */ = {isa = PBXFileReference; lastKnownFileType = image.png; path = entidades.png; sourceTree = "<group>"; };
		B878E63D1578776E0028F7BE /* Entidades.xib */ = {isa = PBXFileReference; fileEncoding = 4; lastKnownFileType = file.xib; path = Entidades.xib; sourceTree = "<group>"; };
		B878E63F157877740028F7BE /* Empresas.xib */ = {isa = PBXFileReference; fileEncoding = 4; lastKnownFileType = file.xib; path = Empresas.xib; sourceTree = "<group>"; };
		B878E64115787A130028F7BE /* businessfest_iphone_intro.m4v */ = {isa = PBXFileReference; lastKnownFileType = file; path = businessfest_iphone_intro.m4v; sourceTree = "<group>"; };
		B878E64715787A420028F7BE /* InfoViewController.h */ = {isa = PBXFileReference; fileEncoding = 4; lastKnownFileType = sourcecode.c.h; path = InfoViewController.h; sourceTree = "<group>"; };
		B878E64815787A430028F7BE /* InfoViewController.m */ = {isa = PBXFileReference; fileEncoding = 4; lastKnownFileType = sourcecode.c.objc; path = InfoViewController.m; sourceTree = "<group>"; };
		B878E64915787A450028F7BE /* InfoViewController.xib */ = {isa = PBXFileReference; fileEncoding = 4; lastKnownFileType = file.xib; path = InfoViewController.xib; sourceTree = "<group>"; };
		B878E64C15787D6F0028F7BE /* vogall.png */ = {isa = PBXFileReference; lastKnownFileType = image.png; path = vogall.png; sourceTree = "<group>"; };
		B878E64D15787D6F0028F7BE /* vogall@2x.png */ = {isa = PBXFileReference; lastKnownFileType = image.png; path = "vogall@2x.png"; sourceTree = "<group>"; };
		B878E654157880220028F7BE /* MediaPlayer.framework */ = {isa = PBXFileReference; lastKnownFileType = wrapper.framework; name = MediaPlayer.framework; path = System/Library/Frameworks/MediaPlayer.framework; sourceTree = SDKROOT; };
		B878E6561578802C0028F7BE /* CoreMedia.framework */ = {isa = PBXFileReference; lastKnownFileType = wrapper.framework; name = CoreMedia.framework; path = System/Library/Frameworks/CoreMedia.framework; sourceTree = SDKROOT; };
		B878E658157880370028F7BE /* AVFoundation.framework */ = {isa = PBXFileReference; lastKnownFileType = wrapper.framework; name = AVFoundation.framework; path = System/Library/Frameworks/AVFoundation.framework; sourceTree = SDKROOT; };
		E15FBE1B1577BE2F002A841F /* ProgramacaoViewController.h */ = {isa = PBXFileReference; fileEncoding = 4; lastKnownFileType = sourcecode.c.h; path = ProgramacaoViewController.h; sourceTree = "<group>"; };
		E15FBE1C1577BE2F002A841F /* ProgramacaoViewController.m */ = {isa = PBXFileReference; fileEncoding = 4; lastKnownFileType = sourcecode.c.objc; path = ProgramacaoViewController.m; sourceTree = "<group>"; };
		E15FBE1D1577BE2F002A841F /* ProgramacaoViewController.xib */ = {isa = PBXFileReference; fileEncoding = 4; lastKnownFileType = file.xib; path = ProgramacaoViewController.xib; sourceTree = "<group>"; };
		E15FBE261577BE95002A841F /* EntidadesEmpresasViewController.h */ = {isa = PBXFileReference; fileEncoding = 4; lastKnownFileType = sourcecode.c.h; path = EntidadesEmpresasViewController.h; sourceTree = "<group>"; };
		E15FBE271577BE95002A841F /* EntidadesEmpresasViewController.m */ = {isa = PBXFileReference; fileEncoding = 4; lastKnownFileType = sourcecode.c.objc; path = EntidadesEmpresasViewController.m; sourceTree = "<group>"; };
		E15FBE281577BE95002A841F /* EntidadesEmpresasViewController.xib */ = {isa = PBXFileReference; fileEncoding = 4; lastKnownFileType = file.xib; path = EntidadesEmpresasViewController.xib; sourceTree = "<group>"; };
		E15FBE2C1577BEC2002A841F /* ContatoViewController.h */ = {isa = PBXFileReference; fileEncoding = 4; lastKnownFileType = sourcecode.c.h; path = ContatoViewController.h; sourceTree = "<group>"; };
		E15FBE2D1577BEC2002A841F /* ContatoViewController.m */ = {isa = PBXFileReference; fileEncoding = 4; lastKnownFileType = sourcecode.c.objc; path = ContatoViewController.m; sourceTree = "<group>"; };
		E15FBE2E1577BEC2002A841F /* ContatoViewController.xib */ = {isa = PBXFileReference; fileEncoding = 4; lastKnownFileType = file.xib; path = ContatoViewController.xib; sourceTree = "<group>"; };
		E15FBE321577CA0E002A841F /* business_fest_banner.png */ = {isa = PBXFileReference; lastKnownFileType = image.png; path = business_fest_banner.png; sourceTree = "<group>"; };
		E1B41A88152CB9B8005EFB36 /* EventoViewController.h */ = {isa = PBXFileReference; fileEncoding = 4; lastKnownFileType = sourcecode.c.h; name = EventoViewController.h; path = ../EventoViewController.h; sourceTree = "<group>"; };
		E1B41A89152CB9B8005EFB36 /* EventoViewController.m */ = {isa = PBXFileReference; fileEncoding = 4; lastKnownFileType = sourcecode.c.objc; name = EventoViewController.m; path = ../EventoViewController.m; sourceTree = "<group>"; };
		E1B41A8A152CB9B8005EFB36 /* EventoViewController.xib */ = {isa = PBXFileReference; fileEncoding = 4; lastKnownFileType = file.xib; name = EventoViewController.xib; path = ../EventoViewController.xib; sourceTree = "<group>"; };
		E1B41A8B152CB9B8005EFB36 /* LocalizacaoViewController.h */ = {isa = PBXFileReference; fileEncoding = 4; lastKnownFileType = sourcecode.c.h; name = LocalizacaoViewController.h; path = ../LocalizacaoViewController.h; sourceTree = "<group>"; };
		E1B41A8C152CB9B8005EFB36 /* LocalizacaoViewController.m */ = {isa = PBXFileReference; fileEncoding = 4; lastKnownFileType = sourcecode.c.objc; name = LocalizacaoViewController.m; path = ../LocalizacaoViewController.m; sourceTree = "<group>"; };
		E1B41A8D152CB9B8005EFB36 /* LocalizacaoViewController.xib */ = {isa = PBXFileReference; fileEncoding = 4; lastKnownFileType = file.xib; name = LocalizacaoViewController.xib; path = ../LocalizacaoViewController.xib; sourceTree = "<group>"; };
/* End PBXFileReference section */

/* Begin PBXFrameworksBuildPhase section */
		63B666B8152A10A600A5ABC3 /* Frameworks */ = {
			isa = PBXFrameworksBuildPhase;
			buildActionMask = 2147483647;
			files = (
				B878E659157880370028F7BE /* AVFoundation.framework in Frameworks */,
				B878E6571578802C0028F7BE /* CoreMedia.framework in Frameworks */,
				B878E655157880220028F7BE /* MediaPlayer.framework in Frameworks */,
				B878E63015786CBC0028F7BE /* MessageUI.framework in Frameworks */,
				6318FF20152BAC7C00A5A672 /* CoreLocation.framework in Frameworks */,
				6318FF1E152BAC7400A5A672 /* MapKit.framework in Frameworks */,
				63B666C0152A10A700A5ABC3 /* UIKit.framework in Frameworks */,
				63B666C2152A10A700A5ABC3 /* Foundation.framework in Frameworks */,
				63B666C4152A10A700A5ABC3 /* CoreGraphics.framework in Frameworks */,
			);
			runOnlyForDeploymentPostprocessing = 0;
		};
/* End PBXFrameworksBuildPhase section */

/* Begin PBXGroup section */
		63B666B0152A10A600A5ABC3 = {
			isa = PBXGroup;
			children = (
				B878E5EF15783C970028F7BE /* BusinessFest_logomarca_114.png */,
				B878E5ED15783C940028F7BE /* BusinessFest_logomarca_57.png */,
				63B666C5152A10A700A5ABC3 /* BusinessFest */,
				63B666BE152A10A700A5ABC3 /* Frameworks */,
				63B666BC152A10A700A5ABC3 /* Products */,
			);
			sourceTree = "<group>";
		};
		63B666BC152A10A700A5ABC3 /* Products */ = {
			isa = PBXGroup;
			children = (
				63B666BB152A10A700A5ABC3 /* BusinessFest.app */,
			);
			name = Products;
			sourceTree = "<group>";
		};
		63B666BE152A10A700A5ABC3 /* Frameworks */ = {
			isa = PBXGroup;
			children = (
				B878E658157880370028F7BE /* AVFoundation.framework */,
				B878E6561578802C0028F7BE /* CoreMedia.framework */,
				B878E654157880220028F7BE /* MediaPlayer.framework */,
				B878E62F15786CBC0028F7BE /* MessageUI.framework */,
				6318FF1F152BAC7C00A5A672 /* CoreLocation.framework */,
				6318FF1D152BAC7400A5A672 /* MapKit.framework */,
				63B666BF152A10A700A5ABC3 /* UIKit.framework */,
				63B666C1152A10A700A5ABC3 /* Foundation.framework */,
				63B666C3152A10A700A5ABC3 /* CoreGraphics.framework */,
			);
			name = Frameworks;
			sourceTree = "<group>";
		};
		63B666C5152A10A700A5ABC3 /* BusinessFest */ = {
			isa = PBXGroup;
			children = (
				B878E611157858490028F7BE /* Third-Party */,
				63B666CE152A10A700A5ABC3 /* AppDelegate.h */,
				63B666CF152A10A700A5ABC3 /* AppDelegate.m */,
				63B666D1152A10A700A5ABC3 /* MainViewController.h */,
				63B666D2152A10A700A5ABC3 /* MainViewController.m */,
				63B666DF152A10A700A5ABC3 /* MainViewController.xib */,
				B878E64715787A420028F7BE /* InfoViewController.h */,
				B878E64815787A430028F7BE /* InfoViewController.m */,
				B878E64915787A450028F7BE /* InfoViewController.xib */,
				E15FBE1A1577BE16002A841F /* Evento */,
				E15FBE201577BE32002A841F /* Programacao */,
				E15FBE191577BE0E002A841F /* Localizacao */,
				E15FBE2B1577BE98002A841F /* Entidades */,
				E15FBE311577BEC5002A841F /* Contato */,
				E15FBE341577CA1C002A841F /* Images */,
				63B666C6152A10A700A5ABC3 /* Supporting Files */,
			);
			path = BusinessFest;
			sourceTree = "<group>";
		};
		63B666C6152A10A700A5ABC3 /* Supporting Files */ = {
			isa = PBXGroup;
			children = (
				63B666C7152A10A700A5ABC3 /* BusinessFest-Info.plist */,
				63B666C8152A10A700A5ABC3 /* InfoPlist.strings */,
				63B666CB152A10A700A5ABC3 /* main.m */,
				63B666CD152A10A700A5ABC3 /* BusinessFest-Prefix.pch */,
			);
			name = "Supporting Files";
			sourceTree = "<group>";
		};
		B878E611157858490028F7BE /* Third-Party */ = {
			isa = PBXGroup;
			children = (
			);
			name = "Third-Party";
			sourceTree = "<group>";
		};
		E15FBE191577BE0E002A841F /* Localizacao */ = {
			isa = PBXGroup;
			children = (
				6318FF21152BAFD900A5A672 /* DisplayMap.h */,
				6318FF22152BAFD900A5A672 /* DisplayMap.m */,
				E1B41A8B152CB9B8005EFB36 /* LocalizacaoViewController.h */,
				E1B41A8C152CB9B8005EFB36 /* LocalizacaoViewController.m */,
				E1B41A8D152CB9B8005EFB36 /* LocalizacaoViewController.xib */,
			);
			name = Localizacao;
			sourceTree = "<group>";
		};
		E15FBE1A1577BE16002A841F /* Evento */ = {
			isa = PBXGroup;
			children = (
				E1B41A88152CB9B8005EFB36 /* EventoViewController.h */,
				E1B41A89152CB9B8005EFB36 /* EventoViewController.m */,
				E1B41A8A152CB9B8005EFB36 /* EventoViewController.xib */,
			);
			name = Evento;
			sourceTree = "<group>";
		};
		E15FBE201577BE32002A841F /* Programacao */ = {
			isa = PBXGroup;
			children = (
				E15FBE1B1577BE2F002A841F /* ProgramacaoViewController.h */,
				E15FBE1C1577BE2F002A841F /* ProgramacaoViewController.m */,
				E15FBE1D1577BE2F002A841F /* ProgramacaoViewController.xib */,
				B878E5F5157843A50028F7BE /* ProgramacaoCell.h */,
				B878E5F6157843A50028F7BE /* ProgramacaoCell.m */,
				B878E5F8157843B40028F7BE /* ProgramacaoCell.xib */,
				B878E5FE157846380028F7BE /* ProgramacaoDetailViewController.h */,
				B878E5FF157846380028F7BE /* ProgramacaoDetailViewController.m */,
				B878E600157846380028F7BE /* ProgramacaoDetailViewController.xib */,
				B878E6031578558B0028F7BE /* CerimonialViewController.h */,
				B878E6041578558C0028F7BE /* CerimonialViewController.m */,
				B878E6051578558C0028F7BE /* CerimonialViewController.xib */,
				B878E625157866130028F7BE /* Cerimonial.xib */,
				B878E62015785B3C0028F7BE /* CerimonialViewCell.h */,
				B878E62115785B3D0028F7BE /* CerimonialViewCell.m */,
				B878E62315785B470028F7BE /* CerimonialViewCell.xib */,
				B878E608157855BE0028F7BE /* ShowViewController.h */,
				B878E609157855BE0028F7BE /* ShowViewController.m */,
				B878E60A157855BE0028F7BE /* ShowViewController.xib */,
			);
			name = Programacao;
			sourceTree = "<group>";
		};
		E15FBE2B1577BE98002A841F /* Entidades */ = {
			isa = PBXGroup;
			children = (
				E15FBE261577BE95002A841F /* EntidadesEmpresasViewController.h */,
				E15FBE271577BE95002A841F /* EntidadesEmpresasViewController.m */,
				E15FBE281577BE95002A841F /* EntidadesEmpresasViewController.xib */,
				B878E63D1578776E0028F7BE /* Entidades.xib */,
				B878E63F157877740028F7BE /* Empresas.xib */,
			);
			name = Entidades;
			sourceTree = "<group>";
		};
		E15FBE311577BEC5002A841F /* Contato */ = {
			isa = PBXGroup;
			children = (
				E15FBE2C1577BEC2002A841F /* ContatoViewController.h */,
				E15FBE2D1577BEC2002A841F /* ContatoViewController.m */,
				E15FBE2E1577BEC2002A841F /* ContatoViewController.xib */,
			);
			name = Contato;
			sourceTree = "<group>";
		};
		E15FBE341577CA1C002A841F /* Images */ = {
			isa = PBXGroup;
			children = (
				B878E64115787A130028F7BE /* businessfest_iphone_intro.m4v */,
				B878E5F115783E6D0028F7BE /* BusinessFest_logomarca_topo.png */,
				B878E5F315783F200028F7BE /* BusinessFest_logomarca_topo@2x.png */,
				E15FBE321577CA0E002A841F /* business_fest_banner.png */,
				B878E60D1578572D0028F7BE /* toque_de_arte_logo.png */,
				B878E60F1578576A0028F7BE /* toque_de_arte_logo@2x.png */,
				B878E61815785A450028F7BE /* video1.png */,
				B878E61915785A450028F7BE /* video2.png */,
				B878E61A15785A450028F7BE /* video1@2x.png */,
				B878E61B15785A450028F7BE /* video2@2x.png */,
				B878E63515786FA50028F7BE /* site.png */,
				B878E63615786FA50028F7BE /* site@2x.png */,
				B878E63115786D600028F7BE /* contatos_mail.png */,
				B878E63315786D8B0028F7BE /* contatos_mail@2x.png */,
				B878E639157876DC0028F7BE /* empresas.png */,
				B878E63A157876DC0028F7BE /* entidades.png */,
				B878E64C15787D6F0028F7BE /* vogall.png */,
				B878E64D15787D6F0028F7BE /* vogall@2x.png */,
			);
			name = Images;
			sourceTree = "<group>";
		};
/* End PBXGroup section */

/* Begin PBXNativeTarget section */
		63B666BA152A10A600A5ABC3 /* BusinessFest */ = {
			isa = PBXNativeTarget;
			buildConfigurationList = 63B666E7152A10A700A5ABC3 /* Build configuration list for PBXNativeTarget "BusinessFest" */;
			buildPhases = (
				63B666B7152A10A600A5ABC3 /* Sources */,
				63B666B8152A10A600A5ABC3 /* Frameworks */,
				63B666B9152A10A600A5ABC3 /* Resources */,
			);
			buildRules = (
			);
			dependencies = (
			);
			name = BusinessFest;
			productName = BusinessFest;
			productReference = 63B666BB152A10A700A5ABC3 /* BusinessFest.app */;
			productType = "com.apple.product-type.application";
		};
/* End PBXNativeTarget section */

/* Begin PBXProject section */
		63B666B2152A10A600A5ABC3 /* Project object */ = {
			isa = PBXProject;
			attributes = {
				LastUpgradeCheck = 0420;
				ORGANIZATIONNAME = PUC;
			};
			buildConfigurationList = 63B666B5152A10A600A5ABC3 /* Build configuration list for PBXProject "BusinessFest" */;
			compatibilityVersion = "Xcode 3.2";
			developmentRegion = English;
			hasScannedForEncodings = 0;
			knownRegions = (
				en,
			);
			mainGroup = 63B666B0152A10A600A5ABC3;
			productRefGroup = 63B666BC152A10A700A5ABC3 /* Products */;
			projectDirPath = "";
			projectRoot = "";
			targets = (
				63B666BA152A10A600A5ABC3 /* BusinessFest */,
			);
		};
/* End PBXProject section */

/* Begin PBXResourcesBuildPhase section */
		63B666B9152A10A600A5ABC3 /* Resources */ = {
			isa = PBXResourcesBuildPhase;
			buildActionMask = 2147483647;
			files = (
				63B666CA152A10A700A5ABC3 /* InfoPlist.strings in Resources */,
				63B666E1152A10A700A5ABC3 /* MainViewController.xib in Resources */,
				E1B41A8F152CB9B8005EFB36 /* EventoViewController.xib in Resources */,
				E1B41A91152CB9B8005EFB36 /* LocalizacaoViewController.xib in Resources */,
				E15FBE1F1577BE2F002A841F /* ProgramacaoViewController.xib in Resources */,
				E15FBE2A1577BE95002A841F /* EntidadesEmpresasViewController.xib in Resources */,
				E15FBE301577BEC2002A841F /* ContatoViewController.xib in Resources */,
				E15FBE331577CA0E002A841F /* business_fest_banner.png in Resources */,
				B878E5EE15783C940028F7BE /* BusinessFest_logomarca_57.png in Resources */,
				B878E5F015783C970028F7BE /* BusinessFest_logomarca_114.png in Resources */,
				B878E5F215783E6D0028F7BE /* BusinessFest_logomarca_topo.png in Resources */,
				B878E5F415783F200028F7BE /* BusinessFest_logomarca_topo@2x.png in Resources */,
				B878E5F9157843B40028F7BE /* ProgramacaoCell.xib in Resources */,
				B878E602157846380028F7BE /* ProgramacaoDetailViewController.xib in Resources */,
				B878E6071578558C0028F7BE /* CerimonialViewController.xib in Resources */,
				B878E60C157855BE0028F7BE /* ShowViewController.xib in Resources */,
				B878E60E1578572D0028F7BE /* toque_de_arte_logo.png in Resources */,
				B878E6101578576B0028F7BE /* toque_de_arte_logo@2x.png in Resources */,
				B878E61C15785A460028F7BE /* video1.png in Resources */,
				B878E61D15785A460028F7BE /* video2.png in Resources */,
				B878E61E15785A460028F7BE /* video1@2x.png in Resources */,
				B878E61F15785A460028F7BE /* video2@2x.png in Resources */,
				B878E62415785B470028F7BE /* CerimonialViewCell.xib in Resources */,
				B878E626157866130028F7BE /* Cerimonial.xib in Resources */,
				B878E63215786D600028F7BE /* contatos_mail.png in Resources */,
				B878E63415786D8B0028F7BE /* contatos_mail@2x.png in Resources */,
				B878E63715786FA60028F7BE /* site.png in Resources */,
				B878E63815786FA60028F7BE /* site@2x.png in Resources */,
				B878E63B157876DC0028F7BE /* empresas.png in Resources */,
				B878E63C157876DC0028F7BE /* entidades.png in Resources */,
				B878E63E1578776E0028F7BE /* Entidades.xib in Resources */,
				B878E640157877740028F7BE /* Empresas.xib in Resources */,
				B878E64215787A130028F7BE /* businessfest_iphone_intro.m4v in Resources */,
				B878E64B15787A460028F7BE /* InfoViewController.xib in Resources */,
				B878E64E15787D6F0028F7BE /* vogall.png in Resources */,
				B878E64F15787D6F0028F7BE /* vogall@2x.png in Resources */,
			);
			runOnlyForDeploymentPostprocessing = 0;
		};
/* End PBXResourcesBuildPhase section */

/* Begin PBXSourcesBuildPhase section */
		63B666B7152A10A600A5ABC3 /* Sources */ = {
			isa = PBXSourcesBuildPhase;
			buildActionMask = 2147483647;
			files = (
				63B666CC152A10A700A5ABC3 /* main.m in Sources */,
				63B666D0152A10A700A5ABC3 /* AppDelegate.m in Sources */,
				63B666D3152A10A700A5ABC3 /* MainViewController.m in Sources */,
				6318FF23152BAFD900A5A672 /* DisplayMap.m in Sources */,
				E1B41A8E152CB9B8005EFB36 /* EventoViewController.m in Sources */,
				E1B41A90152CB9B8005EFB36 /* LocalizacaoViewController.m in Sources */,
				E15FBE1E1577BE2F002A841F /* ProgramacaoViewController.m in Sources */,
				E15FBE291577BE95002A841F /* EntidadesEmpresasViewController.m in Sources */,
				E15FBE2F1577BEC2002A841F /* ContatoViewController.m in Sources */,
				B878E5F7157843A50028F7BE /* ProgramacaoCell.m in Sources */,
				B878E601157846380028F7BE /* ProgramacaoDetailViewController.m in Sources */,
				B878E6061578558C0028F7BE /* CerimonialViewController.m in Sources */,
				B878E60B157855BE0028F7BE /* ShowViewController.m in Sources */,
				B878E62215785B3D0028F7BE /* CerimonialViewCell.m in Sources */,
				B878E64A15787A460028F7BE /* InfoViewController.m in Sources */,
			);
			runOnlyForDeploymentPostprocessing = 0;
		};
/* End PBXSourcesBuildPhase section */

/* Begin PBXVariantGroup section */
		63B666C8152A10A700A5ABC3 /* InfoPlist.strings */ = {
			isa = PBXVariantGroup;
			children = (
				63B666C9152A10A700A5ABC3 /* en */,
			);
			name = InfoPlist.strings;
			sourceTree = "<group>";
		};
		63B666DF152A10A700A5ABC3 /* MainViewController.xib */ = {
			isa = PBXVariantGroup;
			children = (
				63B666E0152A10A700A5ABC3 /* en */,
			);
			name = MainViewController.xib;
			sourceTree = "<group>";
		};
/* End PBXVariantGroup section */

/* Begin XCBuildConfiguration section */
		63B666E5152A10A700A5ABC3 /* Debug */ = {
			isa = XCBuildConfiguration;
			buildSettings = {
				ALWAYS_SEARCH_USER_PATHS = NO;
				ARCHS = "$(ARCHS_STANDARD_32_BIT)";
				"CODE_SIGN_IDENTITY[sdk=iphoneos*]" = "iPhone Developer";
				COPY_PHASE_STRIP = NO;
				GCC_C_LANGUAGE_STANDARD = gnu99;
				GCC_DYNAMIC_NO_PIC = NO;
				GCC_OPTIMIZATION_LEVEL = 0;
				GCC_PREPROCESSOR_DEFINITIONS = (
					"DEBUG=1",
					"$(inherited)",
				);
				GCC_SYMBOLS_PRIVATE_EXTERN = NO;
				GCC_VERSION = com.apple.compilers.llvm.clang.1_0;
				GCC_WARN_ABOUT_MISSING_PROTOTYPES = YES;
				GCC_WARN_ABOUT_RETURN_TYPE = YES;
				GCC_WARN_UNUSED_VARIABLE = YES;
				IPHONEOS_DEPLOYMENT_TARGET = 5.0;
				SDKROOT = iphoneos;
			};
			name = Debug;
		};
		63B666E6152A10A700A5ABC3 /* Release */ = {
			isa = XCBuildConfiguration;
			buildSettings = {
				ALWAYS_SEARCH_USER_PATHS = NO;
				ARCHS = "$(ARCHS_STANDARD_32_BIT)";
				"CODE_SIGN_IDENTITY[sdk=iphoneos*]" = "iPhone Developer";
				COPY_PHASE_STRIP = YES;
				GCC_C_LANGUAGE_STANDARD = gnu99;
				GCC_VERSION = com.apple.compilers.llvm.clang.1_0;
				GCC_WARN_ABOUT_MISSING_PROTOTYPES = YES;
				GCC_WARN_ABOUT_RETURN_TYPE = YES;
				GCC_WARN_UNUSED_VARIABLE = YES;
				IPHONEOS_DEPLOYMENT_TARGET = 5.0;
				OTHER_CFLAGS = "-DNS_BLOCK_ASSERTIONS=1";
				SDKROOT = iphoneos;
				VALIDATE_PRODUCT = YES;
			};
			name = Release;
		};
		63B666E8152A10A700A5ABC3 /* Debug */ = {
			isa = XCBuildConfiguration;
			buildSettings = {
				GCC_PRECOMPILE_PREFIX_HEADER = YES;
				GCC_PREFIX_HEADER = "BusinessFest/BusinessFest-Prefix.pch";
				INFOPLIST_FILE = "BusinessFest/BusinessFest-Info.plist";
				PRODUCT_NAME = "$(TARGET_NAME)";
				WRAPPER_EXTENSION = app;
			};
			name = Debug;
		};
		63B666E9152A10A700A5ABC3 /* Release */ = {
			isa = XCBuildConfiguration;
			buildSettings = {
				GCC_PRECOMPILE_PREFIX_HEADER = YES;
				GCC_PREFIX_HEADER = "BusinessFest/BusinessFest-Prefix.pch";
				INFOPLIST_FILE = "BusinessFest/BusinessFest-Info.plist";
				PRODUCT_NAME = "$(TARGET_NAME)";
				WRAPPER_EXTENSION = app;
			};
			name = Release;
		};
/* End XCBuildConfiguration section */

/* Begin XCConfigurationList section */
		63B666B5152A10A600A5ABC3 /* Build configuration list for PBXProject "BusinessFest" */ = {
			isa = XCConfigurationList;
			buildConfigurations = (
				63B666E5152A10A700A5ABC3 /* Debug */,
				63B666E6152A10A700A5ABC3 /* Release */,
			);
			defaultConfigurationIsVisible = 0;
			defaultConfigurationName = Release;
		};
		63B666E7152A10A700A5ABC3 /* Build configuration list for PBXNativeTarget "BusinessFest" */ = {
			isa = XCConfigurationList;
			buildConfigurations = (
				63B666E8152A10A700A5ABC3 /* Debug */,
				63B666E9152A10A700A5ABC3 /* Release */,
			);
			defaultConfigurationIsVisible = 0;
			defaultConfigurationName = Release;
		};
/* End XCConfigurationList section */
	};
	rootObject = 63B666B2152A10A600A5ABC3 /* Project object */;
}
